
Microsoft Visual Studio Solution File, Format Version 12.00
# Visual Studio Version 17
VisualStudioVersion = 17.14.37012.4 d17.14
MinimumVisualStudioVersion = 10.0.40219.1
Project("{8BC9CEB8-8B4A-11D0-8D11-00A0C91BC942}") = "LIB_LaunchEnableForConcurrentThreadsAt_CLIENT", "LIB_LaunchEnableForConcurrentThreadsAt_CLIENT\LIB_LaunchEnableForConcurrentThreadsAt_CLIENT.vcxproj", "{4025C3C6-0F15-4266-B9A8-FB14AE4E1C81}"
EndProject
Project("{8BC9CEB8-8B4A-11D0-8D11-00A0C91BC942}") = "LIB_LaunchEnableForConcurrentThreadsAt_SERVER", "LIB_LaunchEnableForConcurrentThreadsAt_SERVER\LIB_LaunchEnableForConcurrentThreadsAt_SERVER.vcxproj", "{D328B373-9D5A-4B6C-8E49-94C0951F166E}"
EndProject
Project("{8BC9CEB8-8B4A-11D0-8D11-00A0C91BC942}") = "LIB_WriteEnableForThreadsAt_CLIENTINPUTACTION", "LIB_WriteEnableForThreadsAt_CLIENTINPUTACTION\LIB_WriteEnableForThreadsAt_CLIENTINPUTACTION.vcxproj", "{745DE7C6-C6B0-4DF5-A7F3-E2E11BEF1896}"
EndProject
Project("{8BC9CEB8-8B4A-11D0-8D11-00A0C91BC942}") = "LIB_WriteEnableForThreadsAt_CLIENTOUTPUTRECIEVE", "LIB_WriteEnableForThreadsAt_CLIENTOUTPUTRECIEVE\LIB_WriteEnableForThreadsAt_CLIENTOUTPUTRECIEVE.vcxproj", "{CEB71245-997E-4AFE-9AB2-2D12678FFA1A}"
EndProject
Project("{8BC9CEB8-8B4A-11D0-8D11-00A0C91BC942}") = "LIB_WriteEnableForThreadsAt_SERVERINPUTACTION", "LIB_WriteEnableForThreadsAt_SERVERINPUTACTION\LIB_WriteEnableForThreadsAt_SERVERINPUTACTION.vcxproj", "{829E9E7A-C169-41C8-963A-EB5E6C256C26}"
EndProject
Project("{8BC9CEB8-8B4A-11D0-8D11-00A0C91BC942}") = "LIB_WriteEnableForThreadsAt_SERVEROUTPUTRECIEVE", "LIB_WriteEnableForThreadsAt_SERVEROUTPUTRECIEVE\LIB_WriteEnableForThreadsAt_SERVEROUTPUTRECIEVE.vcxproj", "{52D011AA-DC94-4FCB-B88C-3A5F6F01308E}"
EndProject
Global
	GlobalSection(SolutionConfigurationPlatforms) = preSolution
		Debug|x64 = Debug|x64
		Debug|x86 = Debug|x86
		Release|x64 = Release|x64
		Release|x86 = Release|x86
	EndGlobalSection
	GlobalSection(ProjectConfigurationPlatforms) = postSolution
		{4025C3C6-0F15-4266-B9A8-FB14AE4E1C81}.Debug|x64.ActiveCfg = Debug|x64
		{4025C3C6-0F15-4266-B9A8-FB14AE4E1C81}.Debug|x64.Build.0 = Debug|x64
		{4025C3C6-0F15-4266-B9A8-FB14AE4E1C81}.Debug|x86.ActiveCfg = Debug|Win32
		{4025C3C6-0F15-4266-B9A8-FB14AE4E1C81}.Debug|x86.Build.0 = Debug|Win32
		{4025C3C6-0F15-4266-B9A8-FB14AE4E1C81}.Release|x64.ActiveCfg = Release|x64
		{4025C3C6-0F15-4266-B9A8-FB14AE4E1C81}.Release|x64.Build.0 = Release|x64
		{4025C3C6-0F15-4266-B9A8-FB14AE4E1C81}.Release|x86.ActiveCfg = Release|Win32
		{4025C3C6-0F15-4266-B9A8-FB14AE4E1C81}.Release|x86.Build.0 = Release|Win32
		{D328B373-9D5A-4B6C-8E49-94C0951F166E}.Debug|x64.ActiveCfg = Debug|x64
		{D328B373-9D5A-4B6C-8E49-94C0951F166E}.Debug|x64.Build.0 = Debug|x64
		{D328B373-9D5A-4B6C-8E49-94C0951F166E}.Debug|x86.ActiveCfg = Debug|Win32
		{D328B373-9D5A-4B6C-8E49-94C0951F166E}.Debug|x86.Build.0 = Debug|Win32
		{D328B373-9D5A-4B6C-8E49-94C0951F166E}.Release|x64.ActiveCfg = Release|x64
		{D328B373-9D5A-4B6C-8E49-94C0951F166E}.Release|x64.Build.0 = Release|x64
		{D328B373-9D5A-4B6C-8E49-94C0951F166E}.Release|x86.ActiveCfg = Release|Win32
		{D328B373-9D5A-4B6C-8E49-94C0951F166E}.Release|x86.Build.0 = Release|Win32
		{745DE7C6-C6B0-4DF5-A7F3-E2E11BEF1896}.Debug|x64.ActiveCfg = Debug|x64
		{745DE7C6-C6B0-4DF5-A7F3-E2E11BEF1896}.Debug|x64.Build.0 = Debug|x64
		{745DE7C6-C6B0-4DF5-A7F3-E2E11BEF1896}.Debug|x86.ActiveCfg = Debug|Win32
		{745DE7C6-C6B0-4DF5-A7F3-E2E11BEF1896}.Debug|x86.Build.0 = Debug|Win32
		{745DE7C6-C6B0-4DF5-A7F3-E2E11BEF1896}.Release|x64.ActiveCfg = Release|x64
		{745DE7C6-C6B0-4DF5-A7F3-E2E11BEF1896}.Release|x64.Build.0 = Release|x64
		{745DE7C6-C6B0-4DF5-A7F3-E2E11BEF1896}.Release|x86.ActiveCfg = Release|Win32
		{745DE7C6-C6B0-4DF5-A7F3-E2E11BEF1896}.Release|x86.Build.0 = Release|Win32
		{CEB71245-997E-4AFE-9AB2-2D12678FFA1A}.Debug|x64.ActiveCfg = Debug|x64
		{CEB71245-997E-4AFE-9AB2-2D12678FFA1A}.Debug|x64.Build.0 = Debug|x64
		{CEB71245-997E-4AFE-9AB2-2D12678FFA1A}.Debug|x86.ActiveCfg = Debug|Win32
		{CEB71245-997E-4AFE-9AB2-2D12678FFA1A}.Debug|x86.Build.0 = Debug|Win32
		{CEB71245-997E-4AFE-9AB2-2D12678FFA1A}.Release|x64.ActiveCfg = Release|x64
		{CEB71245-997E-4AFE-9AB2-2D12678FFA1A}.Release|x64.Build.0 = Release|x64
		{CEB71245-997E-4AFE-9AB2-2D12678FFA1A}.Release|x86.ActiveCfg = Release|Win32
		{CEB71245-997E-4AFE-9AB2-2D12678FFA1A}.Release|x86.Build.0 = Release|Win32
		{829E9E7A-C169-41C8-963A-EB5E6C256C26}.Debug|x64.ActiveCfg = Debug|x64
		{829E9E7A-C169-41C8-963A-EB5E6C256C26}.Debug|x64.Build.0 = Debug|x64
		{829E9E7A-C169-41C8-963A-EB5E6C256C26}.Debug|x86.ActiveCfg = Debug|Win32
		{829E9E7A-C169-41C8-963A-EB5E6C256C26}.Debug|x86.Build.0 = Debug|Win32
		{829E9E7A-C169-41C8-963A-EB5E6C256C26}.Release|x64.ActiveCfg = Release|x64
		{829E9E7A-C169-41C8-963A-EB5E6C256C26}.Release|x64.Build.0 = Release|x64
		{829E9E7A-C169-41C8-963A-EB5E6C256C26}.Release|x86.ActiveCfg = Release|Win32
		{829E9E7A-C169-41C8-963A-EB5E6C256C26}.Release|x86.Build.0 = Release|Win32
		{52D011AA-DC94-4FCB-B88C-3A5F6F01308E}.Debug|x64.ActiveCfg = Debug|x64
		{52D011AA-DC94-4FCB-B88C-3A5F6F01308E}.Debug|x64.Build.0 = Debug|x64
		{52D011AA-DC94-4FCB-B88C-3A5F6F01308E}.Debug|x86.ActiveCfg = Debug|Win32
		{52D011AA-DC94-4FCB-B88C-3A5F6F01308E}.Debug|x86.Build.0 = Debug|Win32
		{52D011AA-DC94-4FCB-B88C-3A5F6F01308E}.Release|x64.ActiveCfg = Release|x64
		{52D011AA-DC94-4FCB-B88C-3A5F6F01308E}.Release|x64.Build.0 = Release|x64
		{52D011AA-DC94-4FCB-B88C-3A5F6F01308E}.Release|x86.ActiveCfg = Release|Win32
		{52D011AA-DC94-4FCB-B88C-3A5F6F01308E}.Release|x86.Build.0 = Release|Win32
	EndGlobalSection
	GlobalSection(SolutionProperties) = preSolution
		HideSolutionNode = FALSE
	EndGlobalSection
	GlobalSection(ExtensibilityGlobals) = postSolution
		SolutionGuid = {37ABA6A0-A27C-42D2-8916-AC32DC76D678}
	EndGlobalSection
EndGlobal
